
Microsoft Visual Studio Solution File, Format Version 12.00
# Visual Studio Version 17
VisualStudioVersion = 17.11.35222.181
MinimumVisualStudioVersion = 10.0.40219.1
Project("{FAE04EC0-301F-11D3-BF4B-00C04F79EFBC}") = "TareaDeHoyHallowen", "TareaDeHoyHallowen.csproj", "{AC7D61C1-1E77-4D6D-9E5D-B8B691195BA4}"
EndProject
Global
	GlobalSection(SolutionConfigurationPlatforms) = preSolution
		Debug|Any CPU = Debug|Any CPU
		Release|Any CPU = Release|Any CPU
	EndGlobalSection
	GlobalSection(ProjectConfigurationPlatforms) = postSolution
		{AC7D61C1-1E77-4D6D-9E5D-B8B691195BA4}.Debug|Any CPU.ActiveCfg = Debug|Any CPU
		{AC7D61C1-1E77-4D6D-9E5D-B8B691195BA4}.Debug|Any CPU.Build.0 = Debug|Any CPU
		{AC7D61C1-1E77-4D6D-9E5D-B8B691195BA4}.Release|Any CPU.ActiveCfg = Release|Any CPU
		{AC7D61C1-1E77-4D6D-9E5D-B8B691195BA4}.Release|Any CPU.Build.0 = Release|Any CPU
	EndGlobalSection
	GlobalSection(SolutionProperties) = preSolution
		HideSolutionNode = FALSE
	EndGlobalSection
	GlobalSection(ExtensibilityGlobals) = postSolution
		SolutionGuid = {2726E3FD-C205-42C1-BC74-251534EE7AE7}
	EndGlobalSection
EndGlobal
